
Microsoft Visual Studio Solution File, Format Version 12.00
# Visual Studio Version 16
VisualStudioVersion = 16.0.30611.23
MinimumVisualStudioVersion = 10.0.40219.1
Project("{FAE04EC0-301F-11D3-BF4B-00C04F79EFBC}") = "magic8ball", "magic8ball\magic8ball.csproj", "{946C499A-7C62-4CFE-907A-CA31F5C875CF}"
EndProject
Global
	GlobalSection(SolutionConfigurationPlatforms) = preSolution
		Debug|Any CPU = Debug|Any CPU
		Release|Any CPU = Release|Any CPU
	EndGlobalSection
	GlobalSection(ProjectConfigurationPlatforms) = postSolution
		{946C499A-7C62-4CFE-907A-CA31F5C875CF}.Debug|Any CPU.ActiveCfg = Debug|Any CPU
		{946C499A-7C62-4CFE-907A-CA31F5C875CF}.Debug|Any CPU.Build.0 = Debug|Any CPU
		{946C499A-7C62-4CFE-907A-CA31F5C875CF}.Release|Any CPU.ActiveCfg = Release|Any CPU
		{946C499A-7C62-4CFE-907A-CA31F5C875CF}.Release|Any CPU.Build.0 = Release|Any CPU
	EndGlobalSection
	GlobalSection(SolutionProperties) = preSolution
		HideSolutionNode = FALSE
	EndGlobalSection
	GlobalSection(ExtensibilityGlobals) = postSolution
		SolutionGuid = {276358A5-91BD-4AD5-AA33-A26F307D229E}
	EndGlobalSection
EndGlobal
